
Microsoft Visual Studio Solution File, Format Version 12.00
# Visual Studio Version 16
VisualStudioVersion = 16.0.32510.428
MinimumVisualStudioVersion = 10.0.40219.1
Project("{FAE04EC0-301F-11D3-BF4B-00C04F79EFBC}") = "Ejercicio02MarianoNavarro", "Ejercicio02MarianoNavarro.csproj", "{7355DEC6-DDB4-44F7-B073-67B98BD32C54}"
EndProject
Global
	GlobalSection(SolutionConfigurationPlatforms) = preSolution
		Debug|Any CPU = Debug|Any CPU
		Release|Any CPU = Release|Any CPU
	EndGlobalSection
	GlobalSection(ProjectConfigurationPlatforms) = postSolution
		{7355DEC6-DDB4-44F7-B073-67B98BD32C54}.Debug|Any CPU.ActiveCfg = Debug|Any CPU
		{7355DEC6-DDB4-44F7-B073-67B98BD32C54}.Debug|Any CPU.Build.0 = Debug|Any CPU
		{7355DEC6-DDB4-44F7-B073-67B98BD32C54}.Release|Any CPU.ActiveCfg = Release|Any CPU
		{7355DEC6-DDB4-44F7-B073-67B98BD32C54}.Release|Any CPU.Build.0 = Release|Any CPU
	EndGlobalSection
	GlobalSection(SolutionProperties) = preSolution
		HideSolutionNode = FALSE
	EndGlobalSection
	GlobalSection(ExtensibilityGlobals) = postSolution
		SolutionGuid = {292EBF93-9E2D-42C7-9666-4246CC917BFC}
	EndGlobalSection
EndGlobal
